
Microsoft Visual Studio Solution File, Format Version 12.00
# Visual Studio Version 17
VisualStudioVersion = 17.5.002.0
MinimumVisualStudioVersion = 10.0.40219.1
Project("{9A19103F-16F7-4668-BE54-9A1E7A4F7556}") = "Task001", "Task001\Task001.csproj", "{EE1C5F7D-7E13-41B0-9FFB-67BB726A9311}"
EndProject
Global
	GlobalSection(SolutionConfigurationPlatforms) = preSolution
		Debug|Any CPU = Debug|Any CPU
		Release|Any CPU = Release|Any CPU
	EndGlobalSection
	GlobalSection(ProjectConfigurationPlatforms) = postSolution
		{EE1C5F7D-7E13-41B0-9FFB-67BB726A9311}.Debug|Any CPU.ActiveCfg = Debug|Any CPU
		{EE1C5F7D-7E13-41B0-9FFB-67BB726A9311}.Debug|Any CPU.Build.0 = Debug|Any CPU
		{EE1C5F7D-7E13-41B0-9FFB-67BB726A9311}.Release|Any CPU.ActiveCfg = Release|Any CPU
		{EE1C5F7D-7E13-41B0-9FFB-67BB726A9311}.Release|Any CPU.Build.0 = Release|Any CPU
	EndGlobalSection
	GlobalSection(SolutionProperties) = preSolution
		HideSolutionNode = FALSE
	EndGlobalSection
	GlobalSection(ExtensibilityGlobals) = postSolution
		SolutionGuid = {499A9456-FC12-4C6B-8763-8D0F9367C03A}
	EndGlobalSection
EndGlobal
